
Microsoft Visual Studio Solution File, Format Version 12.00
# Visual Studio 2013
VisualStudioVersion = 12.0.21005.1
MinimumVisualStudioVersion = 10.0.40219.1
Project("{FAE04EC0-301F-11D3-BF4B-00C04F79EFBC}") = "JustTicket", "JustTicket\JustTicket.csproj", "{01CD307F-BBC3-4B64-BFB8-596A4E2E59A3}"
EndProject
Project("{FAE04EC0-301F-11D3-BF4B-00C04F79EFBC}") = "JustTicket.Logic", "JustTicket.Logic\JustTicket.Logic.csproj", "{511CF9A3-E124-4F2B-AA55-BFE9F14EBA1E}"
EndProject
Project("{FAE04EC0-301F-11D3-BF4B-00C04F79EFBC}") = "JustTicket.Net", "JustTicket.Net\JustTicket.Net.csproj", "{5C62F3A2-52A3-46CA-B125-F0D556ACB07F}"
EndProject
Project("{FAE04EC0-301F-11D3-BF4B-00C04F79EFBC}") = "JustTicketWindow", "JustTicketWindow\JustTicketWindow.csproj", "{73E408DC-97F8-4890-AEE4-E46C87502F74}"
EndProject
Project("{FAE04EC0-301F-11D3-BF4B-00C04F79EFBC}") = "JustTicket.Engining", "JustTicket.Engine\JustTicket.Engining.csproj", "{BEBBF8C0-D2CF-4BAB-AEB9-AAB58825CFB8}"
EndProject
Project("{FAE04EC0-301F-11D3-BF4B-00C04F79EFBC}") = "JustTicket.Tools", "JustTicket.Tools\JustTicket.Tools.csproj", "{26DAFF68-45D9-4D75-AB71-29D3903FAD4D}"
EndProject
Project("{2150E333-8FDC-42A3-9474-1A3956D46DE8}") = "Solution Items", "Solution Items", "{C6DDD172-D553-44AD-B044-5B63FA5B7E5C}"
	ProjectSection(SolutionItems) = preProject
		Design.txt = Design.txt
		ReadMe.txt = ReadMe.txt
	EndProjectSection
EndProject
Global
	GlobalSection(SolutionConfigurationPlatforms) = preSolution
		Debug|Any CPU = Debug|Any CPU
		Debug|Mixed Platforms = Debug|Mixed Platforms
		Debug|x86 = Debug|x86
		Release|Any CPU = Release|Any CPU
		Release|Mixed Platforms = Release|Mixed Platforms
		Release|x86 = Release|x86
	EndGlobalSection
	GlobalSection(ProjectConfigurationPlatforms) = postSolution
		{01CD307F-BBC3-4B64-BFB8-596A4E2E59A3}.Debug|Any CPU.ActiveCfg = Debug|x86
		{01CD307F-BBC3-4B64-BFB8-596A4E2E59A3}.Debug|Mixed Platforms.ActiveCfg = Debug|x86
		{01CD307F-BBC3-4B64-BFB8-596A4E2E59A3}.Debug|Mixed Platforms.Build.0 = Debug|x86
		{01CD307F-BBC3-4B64-BFB8-596A4E2E59A3}.Debug|x86.ActiveCfg = Debug|x86
		{01CD307F-BBC3-4B64-BFB8-596A4E2E59A3}.Debug|x86.Build.0 = Debug|x86
		{01CD307F-BBC3-4B64-BFB8-596A4E2E59A3}.Release|Any CPU.ActiveCfg = Release|x86
		{01CD307F-BBC3-4B64-BFB8-596A4E2E59A3}.Release|Mixed Platforms.ActiveCfg = Release|x86
		{01CD307F-BBC3-4B64-BFB8-596A4E2E59A3}.Release|Mixed Platforms.Build.0 = Release|x86
		{01CD307F-BBC3-4B64-BFB8-596A4E2E59A3}.Release|x86.ActiveCfg = Release|x86
		{01CD307F-BBC3-4B64-BFB8-596A4E2E59A3}.Release|x86.Build.0 = Release|x86
		{511CF9A3-E124-4F2B-AA55-BFE9F14EBA1E}.Debug|Any CPU.ActiveCfg = Debug|Any CPU
		{511CF9A3-E124-4F2B-AA55-BFE9F14EBA1E}.Debug|Any CPU.Build.0 = Debug|Any CPU
		{511CF9A3-E124-4F2B-AA55-BFE9F14EBA1E}.Debug|Mixed Platforms.ActiveCfg = Debug|Any CPU
		{511CF9A3-E124-4F2B-AA55-BFE9F14EBA1E}.Debug|Mixed Platforms.Build.0 = Debug|Any CPU
		{511CF9A3-E124-4F2B-AA55-BFE9F14EBA1E}.Debug|x86.ActiveCfg = Debug|Any CPU
		{511CF9A3-E124-4F2B-AA55-BFE9F14EBA1E}.Release|Any CPU.ActiveCfg = Release|Any CPU
		{511CF9A3-E124-4F2B-AA55-BFE9F14EBA1E}.Release|Any CPU.Build.0 = Release|Any CPU
		{511CF9A3-E124-4F2B-AA55-BFE9F14EBA1E}.Release|Mixed Platforms.ActiveCfg = Release|Any CPU
		{511CF9A3-E124-4F2B-AA55-BFE9F14EBA1E}.Release|Mixed Platforms.Build.0 = Release|Any CPU
		{511CF9A3-E124-4F2B-AA55-BFE9F14EBA1E}.Release|x86.ActiveCfg = Release|Any CPU
		{5C62F3A2-52A3-46CA-B125-F0D556ACB07F}.Debug|Any CPU.ActiveCfg = Debug|Any CPU
		{5C62F3A2-52A3-46CA-B125-F0D556ACB07F}.Debug|Any CPU.Build.0 = Debug|Any CPU
		{5C62F3A2-52A3-46CA-B125-F0D556ACB07F}.Debug|Mixed Platforms.ActiveCfg = Debug|Any CPU
		{5C62F3A2-52A3-46CA-B125-F0D556ACB07F}.Debug|Mixed Platforms.Build.0 = Debug|Any CPU
		{5C62F3A2-52A3-46CA-B125-F0D556ACB07F}.Debug|x86.ActiveCfg = Debug|Any CPU
		{5C62F3A2-52A3-46CA-B125-F0D556ACB07F}.Release|Any CPU.ActiveCfg = Release|Any CPU
		{5C62F3A2-52A3-46CA-B125-F0D556ACB07F}.Release|Any CPU.Build.0 = Release|Any CPU
		{5C62F3A2-52A3-46CA-B125-F0D556ACB07F}.Release|Mixed Platforms.ActiveCfg = Release|Any CPU
		{5C62F3A2-52A3-46CA-B125-F0D556ACB07F}.Release|Mixed Platforms.Build.0 = Release|Any CPU
		{5C62F3A2-52A3-46CA-B125-F0D556ACB07F}.Release|x86.ActiveCfg = Release|Any CPU
		{73E408DC-97F8-4890-AEE4-E46C87502F74}.Debug|Any CPU.ActiveCfg = Debug|x86
		{73E408DC-97F8-4890-AEE4-E46C87502F74}.Debug|Mixed Platforms.ActiveCfg = Debug|x86
		{73E408DC-97F8-4890-AEE4-E46C87502F74}.Debug|Mixed Platforms.Build.0 = Debug|x86
		{73E408DC-97F8-4890-AEE4-E46C87502F74}.Debug|x86.ActiveCfg = Debug|x86
		{73E408DC-97F8-4890-AEE4-E46C87502F74}.Debug|x86.Build.0 = Debug|x86
		{73E408DC-97F8-4890-AEE4-E46C87502F74}.Release|Any CPU.ActiveCfg = Release|x86
		{73E408DC-97F8-4890-AEE4-E46C87502F74}.Release|Mixed Platforms.ActiveCfg = Release|x86
		{73E408DC-97F8-4890-AEE4-E46C87502F74}.Release|Mixed Platforms.Build.0 = Release|x86
		{73E408DC-97F8-4890-AEE4-E46C87502F74}.Release|x86.ActiveCfg = Release|x86
		{73E408DC-97F8-4890-AEE4-E46C87502F74}.Release|x86.Build.0 = Release|x86
		{BEBBF8C0-D2CF-4BAB-AEB9-AAB58825CFB8}.Debug|Any CPU.ActiveCfg = Debug|Any CPU
		{BEBBF8C0-D2CF-4BAB-AEB9-AAB58825CFB8}.Debug|Any CPU.Build.0 = Debug|Any CPU
		{BEBBF8C0-D2CF-4BAB-AEB9-AAB58825CFB8}.Debug|Mixed Platforms.ActiveCfg = Debug|Any CPU
		{BEBBF8C0-D2CF-4BAB-AEB9-AAB58825CFB8}.Debug|Mixed Platforms.Build.0 = Debug|Any CPU
		{BEBBF8C0-D2CF-4BAB-AEB9-AAB58825CFB8}.Debug|x86.ActiveCfg = Debug|Any CPU
		{BEBBF8C0-D2CF-4BAB-AEB9-AAB58825CFB8}.Release|Any CPU.ActiveCfg = Release|Any CPU
		{BEBBF8C0-D2CF-4BAB-AEB9-AAB58825CFB8}.Release|Any CPU.Build.0 = Release|Any CPU
		{BEBBF8C0-D2CF-4BAB-AEB9-AAB58825CFB8}.Release|Mixed Platforms.ActiveCfg = Release|Any CPU
		{BEBBF8C0-D2CF-4BAB-AEB9-AAB58825CFB8}.Release|Mixed Platforms.Build.0 = Release|Any CPU
		{BEBBF8C0-D2CF-4BAB-AEB9-AAB58825CFB8}.Release|x86.ActiveCfg = Release|Any CPU
		{26DAFF68-45D9-4D75-AB71-29D3903FAD4D}.Debug|Any CPU.ActiveCfg = Debug|Any CPU
		{26DAFF68-45D9-4D75-AB71-29D3903FAD4D}.Debug|Any CPU.Build.0 = Debug|Any CPU
		{26DAFF68-45D9-4D75-AB71-29D3903FAD4D}.Debug|Mixed Platforms.ActiveCfg = Debug|Any CPU
		{26DAFF68-45D9-4D75-AB71-29D3903FAD4D}.Debug|Mixed Platforms.Build.0 = Debug|Any CPU
		{26DAFF68-45D9-4D75-AB71-29D3903FAD4D}.Debug|x86.ActiveCfg = Debug|Any CPU
		{26DAFF68-45D9-4D75-AB71-29D3903FAD4D}.Release|Any CPU.ActiveCfg = Release|Any CPU
		{26DAFF68-45D9-4D75-AB71-29D3903FAD4D}.Release|Any CPU.Build.0 = Release|Any CPU
		{26DAFF68-45D9-4D75-AB71-29D3903FAD4D}.Release|Mixed Platforms.ActiveCfg = Release|Any CPU
		{26DAFF68-45D9-4D75-AB71-29D3903FAD4D}.Release|Mixed Platforms.Build.0 = Release|Any CPU
		{26DAFF68-45D9-4D75-AB71-29D3903FAD4D}.Release|x86.ActiveCfg = Release|Any CPU
	EndGlobalSection
	GlobalSection(SolutionProperties) = preSolution
		HideSolutionNode = FALSE
	EndGlobalSection
EndGlobal
